
Microsoft Visual Studio Solution File, Format Version 12.00
# Visual Studio 15
VisualStudioVersion = 15.0.27428.2002
MinimumVisualStudioVersion = 10.0.40219.1
Project("{9A19103F-16F7-4668-BE54-9A1E7A4F7556}") = "ExtraLinq", "ExtraLinq\ExtraLinq.csproj", "{0D2BA822-DA5D-49EB-BE2B-B966D62CB717}"
EndProject
Project("{FAE04EC0-301F-11D3-BF4B-00C04F79EFBC}") = "ExtraLinq.Tests", "ExtraLinq.Tests\ExtraLinq.Tests.csproj", "{059609FF-EEBA-431A-8444-3AAECD916D57}"
EndProject
Global
	GlobalSection(SolutionConfigurationPlatforms) = preSolution
		Debug|Any CPU = Debug|Any CPU
		Release|Any CPU = Release|Any CPU
	EndGlobalSection
	GlobalSection(ProjectConfigurationPlatforms) = postSolution
		{0D2BA822-DA5D-49EB-BE2B-B966D62CB717}.Debug|Any CPU.ActiveCfg = Debug|Any CPU
		{0D2BA822-DA5D-49EB-BE2B-B966D62CB717}.Debug|Any CPU.Build.0 = Debug|Any CPU
		{0D2BA822-DA5D-49EB-BE2B-B966D62CB717}.Release|Any CPU.ActiveCfg = Release|Any CPU
		{0D2BA822-DA5D-49EB-BE2B-B966D62CB717}.Release|Any CPU.Build.0 = Release|Any CPU
		{059609FF-EEBA-431A-8444-3AAECD916D57}.Debug|Any CPU.ActiveCfg = Debug|Any CPU
		{059609FF-EEBA-431A-8444-3AAECD916D57}.Debug|Any CPU.Build.0 = Debug|Any CPU
		{059609FF-EEBA-431A-8444-3AAECD916D57}.Release|Any CPU.ActiveCfg = Release|Any CPU
		{059609FF-EEBA-431A-8444-3AAECD916D57}.Release|Any CPU.Build.0 = Release|Any CPU
	EndGlobalSection
	GlobalSection(SolutionProperties) = preSolution
		HideSolutionNode = FALSE
	EndGlobalSection
	GlobalSection(ExtensibilityGlobals) = postSolution
		SolutionGuid = {5CA353AD-C252-42A2-8FD5-9161730AB6EC}
	EndGlobalSection
EndGlobal
